
Microsoft Visual Studio Solution File, Format Version 12.00
# Visual Studio Version 17
VisualStudioVersion = 17.0.31903.59
MinimumVisualStudioVersion = 10.0.40219.1
Project("{2150E333-8FDC-42A3-9474-1A3956D46DE8}") = "src", "src", "{5361A43D-2456-44D4-AAF0-DDAF12E5058C}"
EndProject
Project("{FAE04EC0-301F-11D3-BF4B-00C04F79EFBC}") = "BuchVerwaltung.Data", "src\BuchVerwaltung.Data\BuchVerwaltung.Data.csproj", "{8C6E94D9-9701-4A82-A978-8FB4C09765CE}"
EndProject
Project("{FAE04EC0-301F-11D3-BF4B-00C04F79EFBC}") = "BuchVerwaltung.Web", "src\BuchVerwaltung.Web\BuchVerwaltung.Web.csproj", "{E5730BE7-9DA3-4CA4-AD3D-25183238EFA1}"
EndProject
Global
	GlobalSection(SolutionConfigurationPlatforms) = preSolution
		Debug|Any CPU = Debug|Any CPU
		Release|Any CPU = Release|Any CPU
	EndGlobalSection
	GlobalSection(SolutionProperties) = preSolution
		HideSolutionNode = FALSE
	EndGlobalSection
	GlobalSection(ProjectConfigurationPlatforms) = postSolution
		{8C6E94D9-9701-4A82-A978-8FB4C09765CE}.Debug|Any CPU.ActiveCfg = Debug|Any CPU
		{8C6E94D9-9701-4A82-A978-8FB4C09765CE}.Debug|Any CPU.Build.0 = Debug|Any CPU
		{8C6E94D9-9701-4A82-A978-8FB4C09765CE}.Release|Any CPU.ActiveCfg = Release|Any CPU
		{8C6E94D9-9701-4A82-A978-8FB4C09765CE}.Release|Any CPU.Build.0 = Release|Any CPU
		{E5730BE7-9DA3-4CA4-AD3D-25183238EFA1}.Debug|Any CPU.ActiveCfg = Debug|Any CPU
		{E5730BE7-9DA3-4CA4-AD3D-25183238EFA1}.Debug|Any CPU.Build.0 = Debug|Any CPU
		{E5730BE7-9DA3-4CA4-AD3D-25183238EFA1}.Release|Any CPU.ActiveCfg = Release|Any CPU
		{E5730BE7-9DA3-4CA4-AD3D-25183238EFA1}.Release|Any CPU.Build.0 = Release|Any CPU
	EndGlobalSection
	GlobalSection(NestedProjects) = preSolution
		{8C6E94D9-9701-4A82-A978-8FB4C09765CE} = {5361A43D-2456-44D4-AAF0-DDAF12E5058C}
		{E5730BE7-9DA3-4CA4-AD3D-25183238EFA1} = {5361A43D-2456-44D4-AAF0-DDAF12E5058C}
	EndGlobalSection
EndGlobal
